// !$*UTF8*$!
{
	archiveVersion = 1;
	classes = {
	};
	objectVersion = 56;
	objects = {

/* Begin PBXBuildFile section */
		8715AF2B2B88BFEB00BCE4C3 /* GetAllHogwartsCharactersUseCaseProtocol.swift in Sources */ = {isa = PBXBuildFile; fileRef = 8715AF2A2B88BFEB00BCE4C3 /* GetAllHogwartsCharactersUseCaseProtocol.swift */; };
		8715AF2D2B88CA5700BCE4C3 /* GetSudentsUseCaseProtocol.swift in Sources */ = {isa = PBXBuildFile; fileRef = 8715AF2C2B88CA5700BCE4C3 /* GetSudentsUseCaseProtocol.swift */; };
		87B04E0E2B97ADFC00F49B70 /* TestFactoryHelper.swift in Sources */ = {isa = PBXBuildFile; fileRef = 87B04E0D2B97ADFC00F49B70 /* TestFactoryHelper.swift */; };
		87B04E1C2B97AFCF00F49B70 /* Infra.framework in Frameworks */ = {isa = PBXBuildFile; fileRef = 87B04E142B97AFCF00F49B70 /* Infra.framework */; };
		87B04E212B97AFCF00F49B70 /* InfraTests.swift in Sources */ = {isa = PBXBuildFile; fileRef = 87B04E202B97AFCF00F49B70 /* InfraTests.swift */; };
		87B04E222B97AFCF00F49B70 /* Infra.h in Headers */ = {isa = PBXBuildFile; fileRef = 87B04E162B97AFCF00F49B70 /* Infra.h */; settings = {ATTRIBUTES = (Public, ); }; };
		87D157222B837D2D00F5FB46 /* HogwartsCharacterModel.swift in Sources */ = {isa = PBXBuildFile; fileRef = 87D157212B837D2D00F5FB46 /* HogwartsCharacterModel.swift */; };
		87D157322B837DF500F5FB46 /* Domain.framework in Frameworks */ = {isa = PBXBuildFile; fileRef = 87D1572A2B837DF400F5FB46 /* Domain.framework */; };
		87D157372B837DF500F5FB46 /* GetAllHogwartsCharactersUseCaseSpec.swift in Sources */ = {isa = PBXBuildFile; fileRef = 87D157362B837DF500F5FB46 /* GetAllHogwartsCharactersUseCaseSpec.swift */; };
		87D157402B837EAE00F5FB46 /* DomainInterfaces.framework in Frameworks */ = {isa = PBXBuildFile; fileRef = 87D1571A2B837CCC00F5FB46 /* DomainInterfaces.framework */; };
		87D157412B837EAE00F5FB46 /* DomainInterfaces.framework in Embed Frameworks */ = {isa = PBXBuildFile; fileRef = 87D1571A2B837CCC00F5FB46 /* DomainInterfaces.framework */; settings = {ATTRIBUTES = (CodeSignOnCopy, RemoveHeadersOnCopy, ); }; };
		87D157462B8381BF00F5FB46 /* GetAllHogwartsCharactersUseCase.swift in Sources */ = {isa = PBXBuildFile; fileRef = 87D157452B8381BF00F5FB46 /* GetAllHogwartsCharactersUseCase.swift */; };
		87D157542B83828D00F5FB46 /* Data.framework in Frameworks */ = {isa = PBXBuildFile; fileRef = 87D1574C2B83828C00F5FB46 /* Data.framework */; };
		87D157592B83828D00F5FB46 /* DataTests.swift in Sources */ = {isa = PBXBuildFile; fileRef = 87D157582B83828D00F5FB46 /* DataTests.swift */; };
		87D157622B8382A300F5FB46 /* RemoteDataSource.swift in Sources */ = {isa = PBXBuildFile; fileRef = 87D157612B8382A300F5FB46 /* RemoteDataSource.swift */; };
		87D157722B83876300F5FB46 /* DomainInterfaces.framework in Frameworks */ = {isa = PBXBuildFile; fileRef = 87D1571A2B837CCC00F5FB46 /* DomainInterfaces.framework */; };
		87D157732B83876300F5FB46 /* DomainInterfaces.framework in Embed Frameworks */ = {isa = PBXBuildFile; fileRef = 87D1571A2B837CCC00F5FB46 /* DomainInterfaces.framework */; settings = {ATTRIBUTES = (CodeSignOnCopy, RemoveHeadersOnCopy, ); }; };
		87D157782B8387B100F5FB46 /* DataRepositoryProtocol.swift in Sources */ = {isa = PBXBuildFile; fileRef = 87D157772B8387B100F5FB46 /* DataRepositoryProtocol.swift */; };
		87D157792B838E5D00F5FB46 /* DomainInterfaces.framework in Frameworks */ = {isa = PBXBuildFile; fileRef = 87D1571A2B837CCC00F5FB46 /* DomainInterfaces.framework */; };
		87D1577A2B838E5D00F5FB46 /* DomainInterfaces.framework in Embed Frameworks */ = {isa = PBXBuildFile; fileRef = 87D1571A2B837CCC00F5FB46 /* DomainInterfaces.framework */; settings = {ATTRIBUTES = (CodeSignOnCopy, RemoveHeadersOnCopy, ); }; };
		87F918F72B8774D6004ED834 /* GetStudentsUseCase.swift in Sources */ = {isa = PBXBuildFile; fileRef = 87F918F62B8774D6004ED834 /* GetStudentsUseCase.swift */; };
		87F918FB2B8775FB004ED834 /* GetStudentsUseCaseSpec.swift in Sources */ = {isa = PBXBuildFile; fileRef = 87F918FA2B8775FB004ED834 /* GetStudentsUseCaseSpec.swift */; };
		87F918FE2B877CA2004ED834 /* RepositoryStub.swift in Sources */ = {isa = PBXBuildFile; fileRef = 87F918FD2B877CA2004ED834 /* RepositoryStub.swift */; };
/* End PBXBuildFile section */

/* Begin PBXContainerItemProxy section */
		87B04E1D2B97AFCF00F49B70 /* PBXContainerItemProxy */ = {
			isa = PBXContainerItemProxy;
			containerPortal = 87D157022B837A7D00F5FB46 /* Project object */;
			proxyType = 1;
			remoteGlobalIDString = 87B04E132B97AFCF00F49B70;
			remoteInfo = Infra;
		};
		87D157332B837DF500F5FB46 /* PBXContainerItemProxy */ = {
			isa = PBXContainerItemProxy;
			containerPortal = 87D157022B837A7D00F5FB46 /* Project object */;
			proxyType = 1;
			remoteGlobalIDString = 87D157292B837DF400F5FB46;
			remoteInfo = Domain;
		};
		87D157422B837EAE00F5FB46 /* PBXContainerItemProxy */ = {
			isa = PBXContainerItemProxy;
			containerPortal = 87D157022B837A7D00F5FB46 /* Project object */;
			proxyType = 1;
			remoteGlobalIDString = 87D157192B837CCC00F5FB46;
			remoteInfo = DomainInterfaces;
		};
		87D157552B83828D00F5FB46 /* PBXContainerItemProxy */ = {
			isa = PBXContainerItemProxy;
			containerPortal = 87D157022B837A7D00F5FB46 /* Project object */;
			proxyType = 1;
			remoteGlobalIDString = 87D1574B2B83828C00F5FB46;
			remoteInfo = Data;
		};
		87D157742B83876300F5FB46 /* PBXContainerItemProxy */ = {
			isa = PBXContainerItemProxy;
			containerPortal = 87D157022B837A7D00F5FB46 /* Project object */;
			proxyType = 1;
			remoteGlobalIDString = 87D157192B837CCC00F5FB46;
			remoteInfo = DomainInterfaces;
		};
		87D1577B2B838E5D00F5FB46 /* PBXContainerItemProxy */ = {
			isa = PBXContainerItemProxy;
			containerPortal = 87D157022B837A7D00F5FB46 /* Project object */;
			proxyType = 1;
			remoteGlobalIDString = 87D157192B837CCC00F5FB46;
			remoteInfo = DomainInterfaces;
		};
/* End PBXContainerItemProxy section */

/* Begin PBXCopyFilesBuildPhase section */
		87D157442B837EAE00F5FB46 /* Embed Frameworks */ = {
			isa = PBXCopyFilesBuildPhase;
			buildActionMask = 2147483647;
			dstPath = "";
			dstSubfolderSpec = 10;
			files = (
				87D157412B837EAE00F5FB46 /* DomainInterfaces.framework in Embed Frameworks */,
			);
			name = "Embed Frameworks";
			runOnlyForDeploymentPostprocessing = 0;
		};
		87D157762B83876300F5FB46 /* Embed Frameworks */ = {
			isa = PBXCopyFilesBuildPhase;
			buildActionMask = 2147483647;
			dstPath = "";
			dstSubfolderSpec = 10;
			files = (
				87D157732B83876300F5FB46 /* DomainInterfaces.framework in Embed Frameworks */,
			);
			name = "Embed Frameworks";
			runOnlyForDeploymentPostprocessing = 0;
		};
		87D1577D2B838E5D00F5FB46 /* Embed Frameworks */ = {
			isa = PBXCopyFilesBuildPhase;
			buildActionMask = 2147483647;
			dstPath = "";
			dstSubfolderSpec = 10;
			files = (
				87D1577A2B838E5D00F5FB46 /* DomainInterfaces.framework in Embed Frameworks */,
			);
			name = "Embed Frameworks";
			runOnlyForDeploymentPostprocessing = 0;
		};
/* End PBXCopyFilesBuildPhase section */

/* Begin PBXFileReference section */
		8715AF2A2B88BFEB00BCE4C3 /* GetAllHogwartsCharactersUseCaseProtocol.swift */ = {isa = PBXFileReference; fileEncoding = 4; lastKnownFileType = sourcecode.swift; path = GetAllHogwartsCharactersUseCaseProtocol.swift; sourceTree = "<group>"; };
		8715AF2C2B88CA5700BCE4C3 /* GetSudentsUseCaseProtocol.swift */ = {isa = PBXFileReference; lastKnownFileType = sourcecode.swift; path = GetSudentsUseCaseProtocol.swift; sourceTree = "<group>"; };
		87B04E0D2B97ADFC00F49B70 /* TestFactoryHelper.swift */ = {isa = PBXFileReference; lastKnownFileType = sourcecode.swift; path = TestFactoryHelper.swift; sourceTree = "<group>"; };
		87B04E142B97AFCF00F49B70 /* Infra.framework */ = {isa = PBXFileReference; explicitFileType = wrapper.framework; includeInIndex = 0; path = Infra.framework; sourceTree = BUILT_PRODUCTS_DIR; };
		87B04E162B97AFCF00F49B70 /* Infra.h */ = {isa = PBXFileReference; lastKnownFileType = sourcecode.c.h; path = Infra.h; sourceTree = "<group>"; };
		87B04E1B2B97AFCF00F49B70 /* InfraTests.xctest */ = {isa = PBXFileReference; explicitFileType = wrapper.cfbundle; includeInIndex = 0; path = InfraTests.xctest; sourceTree = BUILT_PRODUCTS_DIR; };
		87B04E202B97AFCF00F49B70 /* InfraTests.swift */ = {isa = PBXFileReference; lastKnownFileType = sourcecode.swift; path = InfraTests.swift; sourceTree = "<group>"; };
		87D1571A2B837CCC00F5FB46 /* DomainInterfaces.framework */ = {isa = PBXFileReference; explicitFileType = wrapper.framework; includeInIndex = 0; path = DomainInterfaces.framework; sourceTree = BUILT_PRODUCTS_DIR; };
		87D157212B837D2D00F5FB46 /* HogwartsCharacterModel.swift */ = {isa = PBXFileReference; lastKnownFileType = sourcecode.swift; path = HogwartsCharacterModel.swift; sourceTree = "<group>"; };
		87D1572A2B837DF400F5FB46 /* Domain.framework */ = {isa = PBXFileReference; explicitFileType = wrapper.framework; includeInIndex = 0; path = Domain.framework; sourceTree = BUILT_PRODUCTS_DIR; };
		87D157312B837DF500F5FB46 /* DomainTests.xctest */ = {isa = PBXFileReference; explicitFileType = wrapper.cfbundle; includeInIndex = 0; path = DomainTests.xctest; sourceTree = BUILT_PRODUCTS_DIR; };
		87D157362B837DF500F5FB46 /* GetAllHogwartsCharactersUseCaseSpec.swift */ = {isa = PBXFileReference; lastKnownFileType = sourcecode.swift; path = GetAllHogwartsCharactersUseCaseSpec.swift; sourceTree = "<group>"; };
		87D157452B8381BF00F5FB46 /* GetAllHogwartsCharactersUseCase.swift */ = {isa = PBXFileReference; lastKnownFileType = sourcecode.swift; path = GetAllHogwartsCharactersUseCase.swift; sourceTree = "<group>"; };
		87D1574C2B83828C00F5FB46 /* Data.framework */ = {isa = PBXFileReference; explicitFileType = wrapper.framework; includeInIndex = 0; path = Data.framework; sourceTree = BUILT_PRODUCTS_DIR; };
		87D157532B83828D00F5FB46 /* DataTests.xctest */ = {isa = PBXFileReference; explicitFileType = wrapper.cfbundle; includeInIndex = 0; path = DataTests.xctest; sourceTree = BUILT_PRODUCTS_DIR; };
		87D157582B83828D00F5FB46 /* DataTests.swift */ = {isa = PBXFileReference; lastKnownFileType = sourcecode.swift; path = DataTests.swift; sourceTree = "<group>"; };
		87D157612B8382A300F5FB46 /* RemoteDataSource.swift */ = {isa = PBXFileReference; lastKnownFileType = sourcecode.swift; path = RemoteDataSource.swift; sourceTree = "<group>"; };
		87D157772B8387B100F5FB46 /* DataRepositoryProtocol.swift */ = {isa = PBXFileReference; lastKnownFileType = sourcecode.swift; path = DataRepositoryProtocol.swift; sourceTree = "<group>"; };
		87F918F62B8774D6004ED834 /* GetStudentsUseCase.swift */ = {isa = PBXFileReference; lastKnownFileType = sourcecode.swift; path = GetStudentsUseCase.swift; sourceTree = "<group>"; };
		87F918FA2B8775FB004ED834 /* GetStudentsUseCaseSpec.swift */ = {isa = PBXFileReference; lastKnownFileType = sourcecode.swift; path = GetStudentsUseCaseSpec.swift; sourceTree = "<group>"; };
		87F918FD2B877CA2004ED834 /* RepositoryStub.swift */ = {isa = PBXFileReference; lastKnownFileType = sourcecode.swift; path = RepositoryStub.swift; sourceTree = "<group>"; };
/* End PBXFileReference section */

/* Begin PBXFrameworksBuildPhase section */
		87B04E112B97AFCF00F49B70 /* Frameworks */ = {
			isa = PBXFrameworksBuildPhase;
			buildActionMask = 2147483647;
			files = (
			);
			runOnlyForDeploymentPostprocessing = 0;
		};
		87B04E182B97AFCF00F49B70 /* Frameworks */ = {
			isa = PBXFrameworksBuildPhase;
			buildActionMask = 2147483647;
			files = (
				87B04E1C2B97AFCF00F49B70 /* Infra.framework in Frameworks */,
			);
			runOnlyForDeploymentPostprocessing = 0;
		};
		87D157172B837CCC00F5FB46 /* Frameworks */ = {
			isa = PBXFrameworksBuildPhase;
			buildActionMask = 2147483647;
			files = (
			);
			runOnlyForDeploymentPostprocessing = 0;
		};
		87D157272B837DF400F5FB46 /* Frameworks */ = {
			isa = PBXFrameworksBuildPhase;
			buildActionMask = 2147483647;
			files = (
				87D157792B838E5D00F5FB46 /* DomainInterfaces.framework in Frameworks */,
			);
			runOnlyForDeploymentPostprocessing = 0;
		};
		87D1572E2B837DF500F5FB46 /* Frameworks */ = {
			isa = PBXFrameworksBuildPhase;
			buildActionMask = 2147483647;
			files = (
				87D157402B837EAE00F5FB46 /* DomainInterfaces.framework in Frameworks */,
				87D157322B837DF500F5FB46 /* Domain.framework in Frameworks */,
			);
			runOnlyForDeploymentPostprocessing = 0;
		};
		87D157492B83828C00F5FB46 /* Frameworks */ = {
			isa = PBXFrameworksBuildPhase;
			buildActionMask = 2147483647;
			files = (
				87D157722B83876300F5FB46 /* DomainInterfaces.framework in Frameworks */,
			);
			runOnlyForDeploymentPostprocessing = 0;
		};
		87D157502B83828D00F5FB46 /* Frameworks */ = {
			isa = PBXFrameworksBuildPhase;
			buildActionMask = 2147483647;
			files = (
				87D157542B83828D00F5FB46 /* Data.framework in Frameworks */,
			);
			runOnlyForDeploymentPostprocessing = 0;
		};
/* End PBXFrameworksBuildPhase section */

/* Begin PBXGroup section */
		87B04E152B97AFCF00F49B70 /* Infra */ = {
			isa = PBXGroup;
			children = (
				87B04E162B97AFCF00F49B70 /* Infra.h */,
			);
			path = Infra;
			sourceTree = "<group>";
		};
		87B04E1F2B97AFCF00F49B70 /* InfraTests */ = {
			isa = PBXGroup;
			children = (
				87B04E202B97AFCF00F49B70 /* InfraTests.swift */,
			);
			path = InfraTests;
			sourceTree = "<group>";
		};
		87D157012B837A7D00F5FB46 = {
			isa = PBXGroup;
			children = (
				87D1571B2B837CCC00F5FB46 /* DomainInterfaces */,
				87D157352B837DF500F5FB46 /* DomainTests */,
				87D1574D2B83828C00F5FB46 /* Data */,
				87D157572B83828D00F5FB46 /* DataTests */,
				87B04E152B97AFCF00F49B70 /* Infra */,
				87B04E1F2B97AFCF00F49B70 /* InfraTests */,
				87D1570C2B837A7D00F5FB46 /* Products */,
				87D1573F2B837EAE00F5FB46 /* Frameworks */,
			);
			sourceTree = "<group>";
		};
		87D1570C2B837A7D00F5FB46 /* Products */ = {
			isa = PBXGroup;
			children = (
				87D1571A2B837CCC00F5FB46 /* DomainInterfaces.framework */,
				87D1572A2B837DF400F5FB46 /* Domain.framework */,
				87D157312B837DF500F5FB46 /* DomainTests.xctest */,
				87D1574C2B83828C00F5FB46 /* Data.framework */,
				87D157532B83828D00F5FB46 /* DataTests.xctest */,
				87B04E142B97AFCF00F49B70 /* Infra.framework */,
				87B04E1B2B97AFCF00F49B70 /* InfraTests.xctest */,
			);
			name = Products;
			sourceTree = "<group>";
		};
		87D1571B2B837CCC00F5FB46 /* DomainInterfaces */ = {
			isa = PBXGroup;
			children = (
				87D157212B837D2D00F5FB46 /* HogwartsCharacterModel.swift */,
				8715AF2A2B88BFEB00BCE4C3 /* GetAllHogwartsCharactersUseCaseProtocol.swift */,
				87D157772B8387B100F5FB46 /* DataRepositoryProtocol.swift */,
				8715AF2C2B88CA5700BCE4C3 /* GetSudentsUseCaseProtocol.swift */,
			);
			path = DomainInterfaces;
			sourceTree = "<group>";
		};
		87D157352B837DF500F5FB46 /* DomainTests */ = {
			isa = PBXGroup;
			children = (
			);
			path = DomainTests;
			sourceTree = "<group>";
		};
		87D1573F2B837EAE00F5FB46 /* Frameworks */ = {
			isa = PBXGroup;
			children = (
			);
			name = Frameworks;
			sourceTree = "<group>";
		};
		87D1574D2B83828C00F5FB46 /* Data */ = {
			isa = PBXGroup;
			children = (
				87F918F52B877494004ED834 /* GetStudents */,
				87F918F42B877445004ED834 /* GetAllHogwartsCharacters */,
				87D157612B8382A300F5FB46 /* RemoteDataSource.swift */,
			);
			path = Data;
			sourceTree = "<group>";
		};
		87D157572B83828D00F5FB46 /* DataTests */ = {
			isa = PBXGroup;
			children = (
				87F918FC2B877C8F004ED834 /* TestHelper */,
				87F918F92B8775DE004ED834 /* GetStudents */,
				87F918F82B87750C004ED834 /* GetAllHogwartsCharacters */,
				87D157582B83828D00F5FB46 /* DataTests.swift */,
			);
			path = DataTests;
			sourceTree = "<group>";
		};
		87F918F42B877445004ED834 /* GetAllHogwartsCharacters */ = {
			isa = PBXGroup;
			children = (
				87D157452B8381BF00F5FB46 /* GetAllHogwartsCharactersUseCase.swift */,
			);
			path = GetAllHogwartsCharacters;
			sourceTree = "<group>";
		};
		87F918F52B877494004ED834 /* GetStudents */ = {
			isa = PBXGroup;
			children = (
				87F918F62B8774D6004ED834 /* GetStudentsUseCase.swift */,
			);
			path = GetStudents;
			sourceTree = "<group>";
		};
		87F918F82B87750C004ED834 /* GetAllHogwartsCharacters */ = {
			isa = PBXGroup;
			children = (
				87D157362B837DF500F5FB46 /* GetAllHogwartsCharactersUseCaseSpec.swift */,
			);
			path = GetAllHogwartsCharacters;
			sourceTree = "<group>";
		};
		87F918F92B8775DE004ED834 /* GetStudents */ = {
			isa = PBXGroup;
			children = (
				87F918FA2B8775FB004ED834 /* GetStudentsUseCaseSpec.swift */,
			);
			path = GetStudents;
			sourceTree = "<group>";
		};
		87F918FC2B877C8F004ED834 /* TestHelper */ = {
			isa = PBXGroup;
			children = (
				87F918FD2B877CA2004ED834 /* RepositoryStub.swift */,
				87B04E0D2B97ADFC00F49B70 /* TestFactoryHelper.swift */,
			);
			path = TestHelper;
			sourceTree = "<group>";
		};
/* End PBXGroup section */

/* Begin PBXHeadersBuildPhase section */
		87B04E0F2B97AFCF00F49B70 /* Headers */ = {
			isa = PBXHeadersBuildPhase;
			buildActionMask = 2147483647;
			files = (
				87B04E222B97AFCF00F49B70 /* Infra.h in Headers */,
			);
			runOnlyForDeploymentPostprocessing = 0;
		};
		87D157152B837CCC00F5FB46 /* Headers */ = {
			isa = PBXHeadersBuildPhase;
			buildActionMask = 2147483647;
			files = (
			);
			runOnlyForDeploymentPostprocessing = 0;
		};
		87D157252B837DF400F5FB46 /* Headers */ = {
			isa = PBXHeadersBuildPhase;
			buildActionMask = 2147483647;
			files = (
			);
			runOnlyForDeploymentPostprocessing = 0;
		};
		87D157472B83828C00F5FB46 /* Headers */ = {
			isa = PBXHeadersBuildPhase;
			buildActionMask = 2147483647;
			files = (
			);
			runOnlyForDeploymentPostprocessing = 0;
		};
/* End PBXHeadersBuildPhase section */

/* Begin PBXNativeTarget section */
		87B04E132B97AFCF00F49B70 /* Infra */ = {
			isa = PBXNativeTarget;
			buildConfigurationList = 87B04E232B97AFCF00F49B70 /* Build configuration list for PBXNativeTarget "Infra" */;
			buildPhases = (
				87B04E0F2B97AFCF00F49B70 /* Headers */,
				87B04E102B97AFCF00F49B70 /* Sources */,
				87B04E112B97AFCF00F49B70 /* Frameworks */,
				87B04E122B97AFCF00F49B70 /* Resources */,
			);
			buildRules = (
			);
			dependencies = (
			);
			name = Infra;
			productName = Infra;
			productReference = 87B04E142B97AFCF00F49B70 /* Infra.framework */;
			productType = "com.apple.product-type.framework";
		};
		87B04E1A2B97AFCF00F49B70 /* InfraTests */ = {
			isa = PBXNativeTarget;
			buildConfigurationList = 87B04E262B97AFCF00F49B70 /* Build configuration list for PBXNativeTarget "InfraTests" */;
			buildPhases = (
				87B04E172B97AFCF00F49B70 /* Sources */,
				87B04E182B97AFCF00F49B70 /* Frameworks */,
				87B04E192B97AFCF00F49B70 /* Resources */,
			);
			buildRules = (
			);
			dependencies = (
				87B04E1E2B97AFCF00F49B70 /* PBXTargetDependency */,
			);
			name = InfraTests;
			productName = InfraTests;
			productReference = 87B04E1B2B97AFCF00F49B70 /* InfraTests.xctest */;
			productType = "com.apple.product-type.bundle.unit-test";
		};
		87D157192B837CCC00F5FB46 /* DomainInterfaces */ = {
			isa = PBXNativeTarget;
			buildConfigurationList = 87D1571E2B837CCC00F5FB46 /* Build configuration list for PBXNativeTarget "DomainInterfaces" */;
			buildPhases = (
				87D157152B837CCC00F5FB46 /* Headers */,
				87D157162B837CCC00F5FB46 /* Sources */,
				87D157172B837CCC00F5FB46 /* Frameworks */,
				87D157182B837CCC00F5FB46 /* Resources */,
			);
			buildRules = (
			);
			dependencies = (
			);
			name = DomainInterfaces;
			productName = DomainInterfaces;
			productReference = 87D1571A2B837CCC00F5FB46 /* DomainInterfaces.framework */;
			productType = "com.apple.product-type.framework";
		};
		87D157292B837DF400F5FB46 /* Domain */ = {
			isa = PBXNativeTarget;
			buildConfigurationList = 87D157392B837DF500F5FB46 /* Build configuration list for PBXNativeTarget "Domain" */;
			buildPhases = (
				87D157252B837DF400F5FB46 /* Headers */,
				87D157262B837DF400F5FB46 /* Sources */,
				87D157272B837DF400F5FB46 /* Frameworks */,
				87D157282B837DF400F5FB46 /* Resources */,
				87D1577D2B838E5D00F5FB46 /* Embed Frameworks */,
			);
			buildRules = (
			);
			dependencies = (
				87D1577C2B838E5D00F5FB46 /* PBXTargetDependency */,
			);
			name = Domain;
			productName = Domain;
			productReference = 87D1572A2B837DF400F5FB46 /* Domain.framework */;
			productType = "com.apple.product-type.framework";
		};
		87D157302B837DF500F5FB46 /* DomainTests */ = {
			isa = PBXNativeTarget;
			buildConfigurationList = 87D1573C2B837DF500F5FB46 /* Build configuration list for PBXNativeTarget "DomainTests" */;
			buildPhases = (
				87D1572D2B837DF500F5FB46 /* Sources */,
				87D1572E2B837DF500F5FB46 /* Frameworks */,
				87D1572F2B837DF500F5FB46 /* Resources */,
				87D157442B837EAE00F5FB46 /* Embed Frameworks */,
			);
			buildRules = (
			);
			dependencies = (
				87D157342B837DF500F5FB46 /* PBXTargetDependency */,
				87D157432B837EAE00F5FB46 /* PBXTargetDependency */,
			);
			name = DomainTests;
			productName = DomainTests;
			productReference = 87D157312B837DF500F5FB46 /* DomainTests.xctest */;
			productType = "com.apple.product-type.bundle.unit-test";
		};
		87D1574B2B83828C00F5FB46 /* Data */ = {
			isa = PBXNativeTarget;
			buildConfigurationList = 87D1575B2B83828D00F5FB46 /* Build configuration list for PBXNativeTarget "Data" */;
			buildPhases = (
				87D157472B83828C00F5FB46 /* Headers */,
				87D157482B83828C00F5FB46 /* Sources */,
				87D157492B83828C00F5FB46 /* Frameworks */,
				87D1574A2B83828C00F5FB46 /* Resources */,
				87D157762B83876300F5FB46 /* Embed Frameworks */,
			);
			buildRules = (
			);
			dependencies = (
				87D157752B83876300F5FB46 /* PBXTargetDependency */,
			);
			name = Data;
			productName = Data;
			productReference = 87D1574C2B83828C00F5FB46 /* Data.framework */;
			productType = "com.apple.product-type.framework";
		};
		87D157522B83828D00F5FB46 /* DataTests */ = {
			isa = PBXNativeTarget;
			buildConfigurationList = 87D1575E2B83828D00F5FB46 /* Build configuration list for PBXNativeTarget "DataTests" */;
			buildPhases = (
				87D1574F2B83828D00F5FB46 /* Sources */,
				87D157502B83828D00F5FB46 /* Frameworks */,
				87D157512B83828D00F5FB46 /* Resources */,
			);
			buildRules = (
			);
			dependencies = (
				87D157562B83828D00F5FB46 /* PBXTargetDependency */,
			);
			name = DataTests;
			productName = DataTests;
			productReference = 87D157532B83828D00F5FB46 /* DataTests.xctest */;
			productType = "com.apple.product-type.bundle.unit-test";
		};
/* End PBXNativeTarget section */

/* Begin PBXProject section */
		87D157022B837A7D00F5FB46 /* Project object */ = {
			isa = PBXProject;
			attributes = {
				BuildIndependentTargetsInParallel = 1;
				LastSwiftUpdateCheck = 1520;
				LastUpgradeCheck = 1520;
				TargetAttributes = {
					87B04E132B97AFCF00F49B70 = {
						CreatedOnToolsVersion = 15.2;
					};
					87B04E1A2B97AFCF00F49B70 = {
						CreatedOnToolsVersion = 15.2;
					};
					87D157192B837CCC00F5FB46 = {
						CreatedOnToolsVersion = 15.2;
						LastSwiftMigration = 1520;
					};
					87D157292B837DF400F5FB46 = {
						CreatedOnToolsVersion = 15.2;
						LastSwiftMigration = 1520;
					};
					87D157302B837DF500F5FB46 = {
						CreatedOnToolsVersion = 15.2;
					};
					87D1574B2B83828C00F5FB46 = {
						CreatedOnToolsVersion = 15.2;
						LastSwiftMigration = 1520;
					};
					87D157522B83828D00F5FB46 = {
						CreatedOnToolsVersion = 15.2;
					};
				};
			};
			buildConfigurationList = 87D157052B837A7D00F5FB46 /* Build configuration list for PBXProject "TDDHarryPotterApp" */;
			compatibilityVersion = "Xcode 14.0";
			developmentRegion = en;
			hasScannedForEncodings = 0;
			knownRegions = (
				en,
				Base,
			);
			mainGroup = 87D157012B837A7D00F5FB46;
			productRefGroup = 87D1570C2B837A7D00F5FB46 /* Products */;
			projectDirPath = "";
			projectRoot = "";
			targets = (
				87D157192B837CCC00F5FB46 /* DomainInterfaces */,
				87D157292B837DF400F5FB46 /* Domain */,
				87D157302B837DF500F5FB46 /* DomainTests */,
				87D1574B2B83828C00F5FB46 /* Data */,
				87D157522B83828D00F5FB46 /* DataTests */,
				87B04E132B97AFCF00F49B70 /* Infra */,
				87B04E1A2B97AFCF00F49B70 /* InfraTests */,
			);
		};
/* End PBXProject section */

/* Begin PBXResourcesBuildPhase section */
		87B04E122B97AFCF00F49B70 /* Resources */ = {
			isa = PBXResourcesBuildPhase;
			buildActionMask = 2147483647;
			files = (
			);
			runOnlyForDeploymentPostprocessing = 0;
		};
		87B04E192B97AFCF00F49B70 /* Resources */ = {
			isa = PBXResourcesBuildPhase;
			buildActionMask = 2147483647;
			files = (
			);
			runOnlyForDeploymentPostprocessing = 0;
		};
		87D157182B837CCC00F5FB46 /* Resources */ = {
			isa = PBXResourcesBuildPhase;
			buildActionMask = 2147483647;
			files = (
			);
			runOnlyForDeploymentPostprocessing = 0;
		};
		87D157282B837DF400F5FB46 /* Resources */ = {
			isa = PBXResourcesBuildPhase;
			buildActionMask = 2147483647;
			files = (
			);
			runOnlyForDeploymentPostprocessing = 0;
		};
		87D1572F2B837DF500F5FB46 /* Resources */ = {
			isa = PBXResourcesBuildPhase;
			buildActionMask = 2147483647;
			files = (
			);
			runOnlyForDeploymentPostprocessing = 0;
		};
		87D1574A2B83828C00F5FB46 /* Resources */ = {
			isa = PBXResourcesBuildPhase;
			buildActionMask = 2147483647;
			files = (
			);
			runOnlyForDeploymentPostprocessing = 0;
		};
		87D157512B83828D00F5FB46 /* Resources */ = {
			isa = PBXResourcesBuildPhase;
			buildActionMask = 2147483647;
			files = (
			);
			runOnlyForDeploymentPostprocessing = 0;
		};
/* End PBXResourcesBuildPhase section */

/* Begin PBXSourcesBuildPhase section */
		87B04E102B97AFCF00F49B70 /* Sources */ = {
			isa = PBXSourcesBuildPhase;
			buildActionMask = 2147483647;
			files = (
			);
			runOnlyForDeploymentPostprocessing = 0;
		};
		87B04E172B97AFCF00F49B70 /* Sources */ = {
			isa = PBXSourcesBuildPhase;
			buildActionMask = 2147483647;
			files = (
				87B04E212B97AFCF00F49B70 /* InfraTests.swift in Sources */,
			);
			runOnlyForDeploymentPostprocessing = 0;
		};
		87D157162B837CCC00F5FB46 /* Sources */ = {
			isa = PBXSourcesBuildPhase;
			buildActionMask = 2147483647;
			files = (
				87D157782B8387B100F5FB46 /* DataRepositoryProtocol.swift in Sources */,
				87D157222B837D2D00F5FB46 /* HogwartsCharacterModel.swift in Sources */,
				8715AF2B2B88BFEB00BCE4C3 /* GetAllHogwartsCharactersUseCaseProtocol.swift in Sources */,
				8715AF2D2B88CA5700BCE4C3 /* GetSudentsUseCaseProtocol.swift in Sources */,
			);
			runOnlyForDeploymentPostprocessing = 0;
		};
		87D157262B837DF400F5FB46 /* Sources */ = {
			isa = PBXSourcesBuildPhase;
			buildActionMask = 2147483647;
			files = (
				87F918F72B8774D6004ED834 /* GetStudentsUseCase.swift in Sources */,
				87D157462B8381BF00F5FB46 /* GetAllHogwartsCharactersUseCase.swift in Sources */,
			);
			runOnlyForDeploymentPostprocessing = 0;
		};
		87D1572D2B837DF500F5FB46 /* Sources */ = {
			isa = PBXSourcesBuildPhase;
			buildActionMask = 2147483647;
			files = (
				87B04E0E2B97ADFC00F49B70 /* TestFactoryHelper.swift in Sources */,
				87D157372B837DF500F5FB46 /* GetAllHogwartsCharactersUseCaseSpec.swift in Sources */,
				87F918FB2B8775FB004ED834 /* GetStudentsUseCaseSpec.swift in Sources */,
				87F918FE2B877CA2004ED834 /* RepositoryStub.swift in Sources */,
			);
			runOnlyForDeploymentPostprocessing = 0;
		};
		87D157482B83828C00F5FB46 /* Sources */ = {
			isa = PBXSourcesBuildPhase;
			buildActionMask = 2147483647;
			files = (
				87D157622B8382A300F5FB46 /* RemoteDataSource.swift in Sources */,
			);
			runOnlyForDeploymentPostprocessing = 0;
		};
		87D1574F2B83828D00F5FB46 /* Sources */ = {
			isa = PBXSourcesBuildPhase;
			buildActionMask = 2147483647;
			files = (
				87D157592B83828D00F5FB46 /* DataTests.swift in Sources */,
			);
			runOnlyForDeploymentPostprocessing = 0;
		};
/* End PBXSourcesBuildPhase section */

/* Begin PBXTargetDependency section */
		87B04E1E2B97AFCF00F49B70 /* PBXTargetDependency */ = {
			isa = PBXTargetDependency;
			target = 87B04E132B97AFCF00F49B70 /* Infra */;
			targetProxy = 87B04E1D2B97AFCF00F49B70 /* PBXContainerItemProxy */;
		};
		87D157342B837DF500F5FB46 /* PBXTargetDependency */ = {
			isa = PBXTargetDependency;
			target = 87D157292B837DF400F5FB46 /* Domain */;
			targetProxy = 87D157332B837DF500F5FB46 /* PBXContainerItemProxy */;
		};
		87D157432B837EAE00F5FB46 /* PBXTargetDependency */ = {
			isa = PBXTargetDependency;
			target = 87D157192B837CCC00F5FB46 /* DomainInterfaces */;
			targetProxy = 87D157422B837EAE00F5FB46 /* PBXContainerItemProxy */;
		};
		87D157562B83828D00F5FB46 /* PBXTargetDependency */ = {
			isa = PBXTargetDependency;
			target = 87D1574B2B83828C00F5FB46 /* Data */;
			targetProxy = 87D157552B83828D00F5FB46 /* PBXContainerItemProxy */;
		};
		87D157752B83876300F5FB46 /* PBXTargetDependency */ = {
			isa = PBXTargetDependency;
			target = 87D157192B837CCC00F5FB46 /* DomainInterfaces */;
			targetProxy = 87D157742B83876300F5FB46 /* PBXContainerItemProxy */;
		};
		87D1577C2B838E5D00F5FB46 /* PBXTargetDependency */ = {
			isa = PBXTargetDependency;
			target = 87D157192B837CCC00F5FB46 /* DomainInterfaces */;
			targetProxy = 87D1577B2B838E5D00F5FB46 /* PBXContainerItemProxy */;
		};
/* End PBXTargetDependency section */

/* Begin XCBuildConfiguration section */
		87B04E242B97AFCF00F49B70 /* Debug */ = {
			isa = XCBuildConfiguration;
			buildSettings = {
				CODE_SIGN_STYLE = Automatic;
				COMBINE_HIDPI_IMAGES = YES;
				CURRENT_PROJECT_VERSION = 1;
				DEFINES_MODULE = YES;
				DEVELOPMENT_TEAM = R6666T3YAD;
				DYLIB_COMPATIBILITY_VERSION = 1;
				DYLIB_CURRENT_VERSION = 1;
				DYLIB_INSTALL_NAME_BASE = "@rpath";
				ENABLE_MODULE_VERIFIER = YES;
				GENERATE_INFOPLIST_FILE = YES;
				INFOPLIST_KEY_NSHumanReadableCopyright = "";
				INSTALL_PATH = "$(LOCAL_LIBRARY_DIR)/Frameworks";
				LD_RUNPATH_SEARCH_PATHS = (
					"$(inherited)",
					"@executable_path/../Frameworks",
					"@loader_path/Frameworks",
				);
				MACOSX_DEPLOYMENT_TARGET = 14.1;
				MARKETING_VERSION = 1.0;
				MODULE_VERIFIER_SUPPORTED_LANGUAGES = "objective-c objective-c++";
				MODULE_VERIFIER_SUPPORTED_LANGUAGE_STANDARDS = "gnu17 gnu++20";
				PRODUCT_BUNDLE_IDENTIFIER = de.Oliveira.Infra;
				PRODUCT_NAME = "$(TARGET_NAME:c99extidentifier)";
				SDKROOT = macosx;
				SKIP_INSTALL = YES;
				SWIFT_EMIT_LOC_STRINGS = YES;
				SWIFT_VERSION = 5.0;
			};
			name = Debug;
		};
		87B04E252B97AFCF00F49B70 /* Release */ = {
			isa = XCBuildConfiguration;
			buildSettings = {
				CODE_SIGN_STYLE = Automatic;
				COMBINE_HIDPI_IMAGES = YES;
				CURRENT_PROJECT_VERSION = 1;
				DEFINES_MODULE = YES;
				DEVELOPMENT_TEAM = R6666T3YAD;
				DYLIB_COMPATIBILITY_VERSION = 1;
				DYLIB_CURRENT_VERSION = 1;
				DYLIB_INSTALL_NAME_BASE = "@rpath";
				ENABLE_MODULE_VERIFIER = YES;
				GENERATE_INFOPLIST_FILE = YES;
				INFOPLIST_KEY_NSHumanReadableCopyright = "";
				INSTALL_PATH = "$(LOCAL_LIBRARY_DIR)/Frameworks";
				LD_RUNPATH_SEARCH_PATHS = (
					"$(inherited)",
					"@executable_path/../Frameworks",
					"@loader_path/Frameworks",
				);
				MACOSX_DEPLOYMENT_TARGET = 14.1;
				MARKETING_VERSION = 1.0;
				MODULE_VERIFIER_SUPPORTED_LANGUAGES = "objective-c objective-c++";
				MODULE_VERIFIER_SUPPORTED_LANGUAGE_STANDARDS = "gnu17 gnu++20";
				PRODUCT_BUNDLE_IDENTIFIER = de.Oliveira.Infra;
				PRODUCT_NAME = "$(TARGET_NAME:c99extidentifier)";
				SDKROOT = macosx;
				SKIP_INSTALL = YES;
				SWIFT_EMIT_LOC_STRINGS = YES;
				SWIFT_VERSION = 5.0;
			};
			name = Release;
		};
		87B04E272B97AFCF00F49B70 /* Debug */ = {
			isa = XCBuildConfiguration;
			buildSettings = {
				CODE_SIGN_STYLE = Automatic;
				CURRENT_PROJECT_VERSION = 1;
				DEVELOPMENT_TEAM = R6666T3YAD;
				GENERATE_INFOPLIST_FILE = YES;
				MACOSX_DEPLOYMENT_TARGET = 14.1;
				MARKETING_VERSION = 1.0;
				PRODUCT_BUNDLE_IDENTIFIER = de.Oliveira.InfraTests;
				PRODUCT_NAME = "$(TARGET_NAME)";
				SDKROOT = macosx;
				SWIFT_EMIT_LOC_STRINGS = NO;
				SWIFT_VERSION = 5.0;
			};
			name = Debug;
		};
		87B04E282B97AFCF00F49B70 /* Release */ = {
			isa = XCBuildConfiguration;
			buildSettings = {
				CODE_SIGN_STYLE = Automatic;
				CURRENT_PROJECT_VERSION = 1;
				DEVELOPMENT_TEAM = R6666T3YAD;
				GENERATE_INFOPLIST_FILE = YES;
				MACOSX_DEPLOYMENT_TARGET = 14.1;
				MARKETING_VERSION = 1.0;
				PRODUCT_BUNDLE_IDENTIFIER = de.Oliveira.InfraTests;
				PRODUCT_NAME = "$(TARGET_NAME)";
				SDKROOT = macosx;
				SWIFT_EMIT_LOC_STRINGS = NO;
				SWIFT_VERSION = 5.0;
			};
			name = Release;
		};
		87D157102B837A7D00F5FB46 /* Debug */ = {
			isa = XCBuildConfiguration;
			buildSettings = {
				ALWAYS_SEARCH_USER_PATHS = NO;
				ASSETCATALOG_COMPILER_GENERATE_SWIFT_ASSET_SYMBOL_EXTENSIONS = YES;
				CLANG_ANALYZER_NONNULL = YES;
				CLANG_ANALYZER_NUMBER_OBJECT_CONVERSION = YES_AGGRESSIVE;
				CLANG_CXX_LANGUAGE_STANDARD = "gnu++20";
				CLANG_ENABLE_MODULES = YES;
				CLANG_ENABLE_OBJC_ARC = YES;
				CLANG_ENABLE_OBJC_WEAK = YES;
				CLANG_WARN_BLOCK_CAPTURE_AUTORELEASING = YES;
				CLANG_WARN_BOOL_CONVERSION = YES;
				CLANG_WARN_COMMA = YES;
				CLANG_WARN_CONSTANT_CONVERSION = YES;
				CLANG_WARN_DEPRECATED_OBJC_IMPLEMENTATIONS = YES;
				CLANG_WARN_DIRECT_OBJC_ISA_USAGE = YES_ERROR;
				CLANG_WARN_DOCUMENTATION_COMMENTS = YES;
				CLANG_WARN_EMPTY_BODY = YES;
				CLANG_WARN_ENUM_CONVERSION = YES;
				CLANG_WARN_INFINITE_RECURSION = YES;
				CLANG_WARN_INT_CONVERSION = YES;
				CLANG_WARN_NON_LITERAL_NULL_CONVERSION = YES;
				CLANG_WARN_OBJC_IMPLICIT_RETAIN_SELF = YES;
				CLANG_WARN_OBJC_LITERAL_CONVERSION = YES;
				CLANG_WARN_OBJC_ROOT_CLASS = YES_ERROR;
				CLANG_WARN_QUOTED_INCLUDE_IN_FRAMEWORK_HEADER = YES;
				CLANG_WARN_RANGE_LOOP_ANALYSIS = YES;
				CLANG_WARN_STRICT_PROTOTYPES = YES;
				CLANG_WARN_SUSPICIOUS_MOVE = YES;
				CLANG_WARN_UNGUARDED_AVAILABILITY = YES_AGGRESSIVE;
				CLANG_WARN_UNREACHABLE_CODE = YES;
				CLANG_WARN__DUPLICATE_METHOD_MATCH = YES;
				COPY_PHASE_STRIP = NO;
				CURRENT_PROJECT_VERSION = 1;
				DEBUG_INFORMATION_FORMAT = dwarf;
				ENABLE_STRICT_OBJC_MSGSEND = YES;
				ENABLE_TESTABILITY = YES;
				ENABLE_USER_SCRIPT_SANDBOXING = YES;
				GCC_C_LANGUAGE_STANDARD = gnu17;
				GCC_DYNAMIC_NO_PIC = NO;
				GCC_NO_COMMON_BLOCKS = YES;
				GCC_OPTIMIZATION_LEVEL = 0;
				GCC_PREPROCESSOR_DEFINITIONS = (
					"DEBUG=1",
					"$(inherited)",
				);
				GCC_WARN_64_TO_32_BIT_CONVERSION = YES;
				GCC_WARN_ABOUT_RETURN_TYPE = YES_ERROR;
				GCC_WARN_UNDECLARED_SELECTOR = YES;
				GCC_WARN_UNINITIALIZED_AUTOS = YES_AGGRESSIVE;
				GCC_WARN_UNUSED_FUNCTION = YES;
				GCC_WARN_UNUSED_VARIABLE = YES;
				IPHONEOS_DEPLOYMENT_TARGET = 17.2;
				LOCALIZATION_PREFERS_STRING_CATALOGS = YES;
				MTL_ENABLE_DEBUG_INFO = INCLUDE_SOURCE;
				MTL_FAST_MATH = YES;
				ONLY_ACTIVE_ARCH = YES;
				SDKROOT = iphoneos;
				SWIFT_ACTIVE_COMPILATION_CONDITIONS = "DEBUG $(inherited)";
				SWIFT_OPTIMIZATION_LEVEL = "-Onone";
				VERSIONING_SYSTEM = "apple-generic";
				VERSION_INFO_PREFIX = "";
			};
			name = Debug;
		};
		87D157112B837A7D00F5FB46 /* Release */ = {
			isa = XCBuildConfiguration;
			buildSettings = {
				ALWAYS_SEARCH_USER_PATHS = NO;
				ASSETCATALOG_COMPILER_GENERATE_SWIFT_ASSET_SYMBOL_EXTENSIONS = YES;
				CLANG_ANALYZER_NONNULL = YES;
				CLANG_ANALYZER_NUMBER_OBJECT_CONVERSION = YES_AGGRESSIVE;
				CLANG_CXX_LANGUAGE_STANDARD = "gnu++20";
				CLANG_ENABLE_MODULES = YES;
				CLANG_ENABLE_OBJC_ARC = YES;
				CLANG_ENABLE_OBJC_WEAK = YES;
				CLANG_WARN_BLOCK_CAPTURE_AUTORELEASING = YES;
				CLANG_WARN_BOOL_CONVERSION = YES;
				CLANG_WARN_COMMA = YES;
				CLANG_WARN_CONSTANT_CONVERSION = YES;
				CLANG_WARN_DEPRECATED_OBJC_IMPLEMENTATIONS = YES;
				CLANG_WARN_DIRECT_OBJC_ISA_USAGE = YES_ERROR;
				CLANG_WARN_DOCUMENTATION_COMMENTS = YES;
				CLANG_WARN_EMPTY_BODY = YES;
				CLANG_WARN_ENUM_CONVERSION = YES;
				CLANG_WARN_INFINITE_RECURSION = YES;
				CLANG_WARN_INT_CONVERSION = YES;
				CLANG_WARN_NON_LITERAL_NULL_CONVERSION = YES;
				CLANG_WARN_OBJC_IMPLICIT_RETAIN_SELF = YES;
				CLANG_WARN_OBJC_LITERAL_CONVERSION = YES;
				CLANG_WARN_OBJC_ROOT_CLASS = YES_ERROR;
				CLANG_WARN_QUOTED_INCLUDE_IN_FRAMEWORK_HEADER = YES;
				CLANG_WARN_RANGE_LOOP_ANALYSIS = YES;
				CLANG_WARN_STRICT_PROTOTYPES = YES;
				CLANG_WARN_SUSPICIOUS_MOVE = YES;
				CLANG_WARN_UNGUARDED_AVAILABILITY = YES_AGGRESSIVE;
				CLANG_WARN_UNREACHABLE_CODE = YES;
				CLANG_WARN__DUPLICATE_METHOD_MATCH = YES;
				COPY_PHASE_STRIP = NO;
				CURRENT_PROJECT_VERSION = 1;
				DEBUG_INFORMATION_FORMAT = "dwarf-with-dsym";
				ENABLE_NS_ASSERTIONS = NO;
				ENABLE_STRICT_OBJC_MSGSEND = YES;
				ENABLE_USER_SCRIPT_SANDBOXING = YES;
				GCC_C_LANGUAGE_STANDARD = gnu17;
				GCC_NO_COMMON_BLOCKS = YES;
				GCC_WARN_64_TO_32_BIT_CONVERSION = YES;
				GCC_WARN_ABOUT_RETURN_TYPE = YES_ERROR;
				GCC_WARN_UNDECLARED_SELECTOR = YES;
				GCC_WARN_UNINITIALIZED_AUTOS = YES_AGGRESSIVE;
				GCC_WARN_UNUSED_FUNCTION = YES;
				GCC_WARN_UNUSED_VARIABLE = YES;
				IPHONEOS_DEPLOYMENT_TARGET = 17.2;
				LOCALIZATION_PREFERS_STRING_CATALOGS = YES;
				MTL_ENABLE_DEBUG_INFO = NO;
				MTL_FAST_MATH = YES;
				SDKROOT = iphoneos;
				SWIFT_COMPILATION_MODE = wholemodule;
				VALIDATE_PRODUCT = YES;
				VERSIONING_SYSTEM = "apple-generic";
				VERSION_INFO_PREFIX = "";
			};
			name = Release;
		};
		87D1571F2B837CCC00F5FB46 /* Debug */ = {
			isa = XCBuildConfiguration;
			buildSettings = {
				CLANG_ENABLE_MODULES = YES;
				CODE_SIGN_STYLE = Automatic;
				COMBINE_HIDPI_IMAGES = YES;
				CURRENT_PROJECT_VERSION = 1;
				DEFINES_MODULE = YES;
				DEVELOPMENT_TEAM = R6666T3YAD;
				DYLIB_COMPATIBILITY_VERSION = 1;
				DYLIB_CURRENT_VERSION = 1;
				DYLIB_INSTALL_NAME_BASE = "@rpath";
				ENABLE_MODULE_VERIFIER = YES;
				GENERATE_INFOPLIST_FILE = YES;
				INFOPLIST_KEY_NSHumanReadableCopyright = "";
				INSTALL_PATH = "$(LOCAL_LIBRARY_DIR)/Frameworks";
				LD_RUNPATH_SEARCH_PATHS = (
					"$(inherited)",
					"@executable_path/../Frameworks",
					"@loader_path/Frameworks",
				);
				MACOSX_DEPLOYMENT_TARGET = 14.1;
				MARKETING_VERSION = 1.0;
				MODULE_VERIFIER_SUPPORTED_LANGUAGES = "objective-c objective-c++";
				MODULE_VERIFIER_SUPPORTED_LANGUAGE_STANDARDS = "gnu17 gnu++20";
				PRODUCT_BUNDLE_IDENTIFIER = de.Oliveira.DomainInterfaces;
				PRODUCT_NAME = "$(TARGET_NAME:c99extidentifier)";
				SDKROOT = macosx;
				SKIP_INSTALL = YES;
				SWIFT_EMIT_LOC_STRINGS = YES;
				SWIFT_OPTIMIZATION_LEVEL = "-Onone";
				SWIFT_VERSION = 5.0;
			};
			name = Debug;
		};
		87D157202B837CCC00F5FB46 /* Release */ = {
			isa = XCBuildConfiguration;
			buildSettings = {
				CLANG_ENABLE_MODULES = YES;
				CODE_SIGN_STYLE = Automatic;
				COMBINE_HIDPI_IMAGES = YES;
				CURRENT_PROJECT_VERSION = 1;
				DEFINES_MODULE = YES;
				DEVELOPMENT_TEAM = R6666T3YAD;
				DYLIB_COMPATIBILITY_VERSION = 1;
				DYLIB_CURRENT_VERSION = 1;
				DYLIB_INSTALL_NAME_BASE = "@rpath";
				ENABLE_MODULE_VERIFIER = YES;
				GENERATE_INFOPLIST_FILE = YES;
				INFOPLIST_KEY_NSHumanReadableCopyright = "";
				INSTALL_PATH = "$(LOCAL_LIBRARY_DIR)/Frameworks";
				LD_RUNPATH_SEARCH_PATHS = (
					"$(inherited)",
					"@executable_path/../Frameworks",
					"@loader_path/Frameworks",
				);
				MACOSX_DEPLOYMENT_TARGET = 14.1;
				MARKETING_VERSION = 1.0;
				MODULE_VERIFIER_SUPPORTED_LANGUAGES = "objective-c objective-c++";
				MODULE_VERIFIER_SUPPORTED_LANGUAGE_STANDARDS = "gnu17 gnu++20";
				PRODUCT_BUNDLE_IDENTIFIER = de.Oliveira.DomainInterfaces;
				PRODUCT_NAME = "$(TARGET_NAME:c99extidentifier)";
				SDKROOT = macosx;
				SKIP_INSTALL = YES;
				SWIFT_EMIT_LOC_STRINGS = YES;
				SWIFT_VERSION = 5.0;
			};
			name = Release;
		};
		87D1573A2B837DF500F5FB46 /* Debug */ = {
			isa = XCBuildConfiguration;
			buildSettings = {
				CLANG_ENABLE_MODULES = YES;
				CODE_SIGN_STYLE = Automatic;
				COMBINE_HIDPI_IMAGES = YES;
				CURRENT_PROJECT_VERSION = 1;
				DEFINES_MODULE = YES;
				DEVELOPMENT_TEAM = R6666T3YAD;
				DYLIB_COMPATIBILITY_VERSION = 1;
				DYLIB_CURRENT_VERSION = 1;
				DYLIB_INSTALL_NAME_BASE = "@rpath";
				ENABLE_MODULE_VERIFIER = YES;
				GENERATE_INFOPLIST_FILE = YES;
				INFOPLIST_KEY_NSHumanReadableCopyright = "";
				INSTALL_PATH = "$(LOCAL_LIBRARY_DIR)/Frameworks";
				LD_RUNPATH_SEARCH_PATHS = (
					"$(inherited)",
					"@executable_path/../Frameworks",
					"@loader_path/Frameworks",
				);
				MACOSX_DEPLOYMENT_TARGET = 14.1;
				MARKETING_VERSION = 1.0;
				MODULE_VERIFIER_SUPPORTED_LANGUAGES = "objective-c objective-c++";
				MODULE_VERIFIER_SUPPORTED_LANGUAGE_STANDARDS = "gnu17 gnu++20";
				PRODUCT_BUNDLE_IDENTIFIER = de.Oliveira.Domain;
				PRODUCT_NAME = "$(TARGET_NAME:c99extidentifier)";
				SDKROOT = macosx;
				SKIP_INSTALL = YES;
				SWIFT_EMIT_LOC_STRINGS = YES;
				SWIFT_OPTIMIZATION_LEVEL = "-Onone";
				SWIFT_VERSION = 5.0;
			};
			name = Debug;
		};
		87D1573B2B837DF500F5FB46 /* Release */ = {
			isa = XCBuildConfiguration;
			buildSettings = {
				CLANG_ENABLE_MODULES = YES;
				CODE_SIGN_STYLE = Automatic;
				COMBINE_HIDPI_IMAGES = YES;
				CURRENT_PROJECT_VERSION = 1;
				DEFINES_MODULE = YES;
				DEVELOPMENT_TEAM = R6666T3YAD;
				DYLIB_COMPATIBILITY_VERSION = 1;
				DYLIB_CURRENT_VERSION = 1;
				DYLIB_INSTALL_NAME_BASE = "@rpath";
				ENABLE_MODULE_VERIFIER = YES;
				GENERATE_INFOPLIST_FILE = YES;
				INFOPLIST_KEY_NSHumanReadableCopyright = "";
				INSTALL_PATH = "$(LOCAL_LIBRARY_DIR)/Frameworks";
				LD_RUNPATH_SEARCH_PATHS = (
					"$(inherited)",
					"@executable_path/../Frameworks",
					"@loader_path/Frameworks",
				);
				MACOSX_DEPLOYMENT_TARGET = 14.1;
				MARKETING_VERSION = 1.0;
				MODULE_VERIFIER_SUPPORTED_LANGUAGES = "objective-c objective-c++";
				MODULE_VERIFIER_SUPPORTED_LANGUAGE_STANDARDS = "gnu17 gnu++20";
				PRODUCT_BUNDLE_IDENTIFIER = de.Oliveira.Domain;
				PRODUCT_NAME = "$(TARGET_NAME:c99extidentifier)";
				SDKROOT = macosx;
				SKIP_INSTALL = YES;
				SWIFT_EMIT_LOC_STRINGS = YES;
				SWIFT_VERSION = 5.0;
			};
			name = Release;
		};
		87D1573D2B837DF500F5FB46 /* Debug */ = {
			isa = XCBuildConfiguration;
			buildSettings = {
				ALWAYS_EMBED_SWIFT_STANDARD_LIBRARIES = YES;
				CODE_SIGN_STYLE = Automatic;
				CURRENT_PROJECT_VERSION = 1;
				DEVELOPMENT_TEAM = R6666T3YAD;
				GENERATE_INFOPLIST_FILE = YES;
				MACOSX_DEPLOYMENT_TARGET = 14.1;
				MARKETING_VERSION = 1.0;
				PRODUCT_BUNDLE_IDENTIFIER = de.Oliveira.DomainTests;
				PRODUCT_NAME = "$(TARGET_NAME)";
				SDKROOT = macosx;
				SWIFT_EMIT_LOC_STRINGS = NO;
				SWIFT_VERSION = 5.0;
			};
			name = Debug;
		};
		87D1573E2B837DF500F5FB46 /* Release */ = {
			isa = XCBuildConfiguration;
			buildSettings = {
				ALWAYS_EMBED_SWIFT_STANDARD_LIBRARIES = YES;
				CODE_SIGN_STYLE = Automatic;
				CURRENT_PROJECT_VERSION = 1;
				DEVELOPMENT_TEAM = R6666T3YAD;
				GENERATE_INFOPLIST_FILE = YES;
				MACOSX_DEPLOYMENT_TARGET = 14.1;
				MARKETING_VERSION = 1.0;
				PRODUCT_BUNDLE_IDENTIFIER = de.Oliveira.DomainTests;
				PRODUCT_NAME = "$(TARGET_NAME)";
				SDKROOT = macosx;
				SWIFT_EMIT_LOC_STRINGS = NO;
				SWIFT_VERSION = 5.0;
			};
			name = Release;
		};
		87D1575C2B83828D00F5FB46 /* Debug */ = {
			isa = XCBuildConfiguration;
			buildSettings = {
				CLANG_ENABLE_MODULES = YES;
				CODE_SIGN_STYLE = Automatic;
				COMBINE_HIDPI_IMAGES = YES;
				CURRENT_PROJECT_VERSION = 1;
				DEFINES_MODULE = YES;
				DEVELOPMENT_TEAM = R6666T3YAD;
				DYLIB_COMPATIBILITY_VERSION = 1;
				DYLIB_CURRENT_VERSION = 1;
				DYLIB_INSTALL_NAME_BASE = "@rpath";
				ENABLE_MODULE_VERIFIER = YES;
				GENERATE_INFOPLIST_FILE = YES;
				INFOPLIST_KEY_NSHumanReadableCopyright = "";
				INSTALL_PATH = "$(LOCAL_LIBRARY_DIR)/Frameworks";
				LD_RUNPATH_SEARCH_PATHS = (
					"$(inherited)",
					"@executable_path/../Frameworks",
					"@loader_path/Frameworks",
				);
				MACOSX_DEPLOYMENT_TARGET = 14.1;
				MARKETING_VERSION = 1.0;
				MODULE_VERIFIER_SUPPORTED_LANGUAGES = "objective-c objective-c++";
				MODULE_VERIFIER_SUPPORTED_LANGUAGE_STANDARDS = "gnu17 gnu++20";
				PRODUCT_BUNDLE_IDENTIFIER = de.Oliveira.Data;
				PRODUCT_NAME = "$(TARGET_NAME:c99extidentifier)";
				SDKROOT = macosx;
				SKIP_INSTALL = YES;
				SWIFT_EMIT_LOC_STRINGS = YES;
				SWIFT_OPTIMIZATION_LEVEL = "-Onone";
				SWIFT_VERSION = 5.0;
			};
			name = Debug;
		};
		87D1575D2B83828D00F5FB46 /* Release */ = {
			isa = XCBuildConfiguration;
			buildSettings = {
				CLANG_ENABLE_MODULES = YES;
				CODE_SIGN_STYLE = Automatic;
				COMBINE_HIDPI_IMAGES = YES;
				CURRENT_PROJECT_VERSION = 1;
				DEFINES_MODULE = YES;
				DEVELOPMENT_TEAM = R6666T3YAD;
				DYLIB_COMPATIBILITY_VERSION = 1;
				DYLIB_CURRENT_VERSION = 1;
				DYLIB_INSTALL_NAME_BASE = "@rpath";
				ENABLE_MODULE_VERIFIER = YES;
				GENERATE_INFOPLIST_FILE = YES;
				INFOPLIST_KEY_NSHumanReadableCopyright = "";
				INSTALL_PATH = "$(LOCAL_LIBRARY_DIR)/Frameworks";
				LD_RUNPATH_SEARCH_PATHS = (
					"$(inherited)",
					"@executable_path/../Frameworks",
					"@loader_path/Frameworks",
				);
				MACOSX_DEPLOYMENT_TARGET = 14.1;
				MARKETING_VERSION = 1.0;
				MODULE_VERIFIER_SUPPORTED_LANGUAGES = "objective-c objective-c++";
				MODULE_VERIFIER_SUPPORTED_LANGUAGE_STANDARDS = "gnu17 gnu++20";
				PRODUCT_BUNDLE_IDENTIFIER = de.Oliveira.Data;
				PRODUCT_NAME = "$(TARGET_NAME:c99extidentifier)";
				SDKROOT = macosx;
				SKIP_INSTALL = YES;
				SWIFT_EMIT_LOC_STRINGS = YES;
				SWIFT_VERSION = 5.0;
			};
			name = Release;
		};
		87D1575F2B83828D00F5FB46 /* Debug */ = {
			isa = XCBuildConfiguration;
			buildSettings = {
				ALWAYS_EMBED_SWIFT_STANDARD_LIBRARIES = YES;
				CODE_SIGN_STYLE = Automatic;
				CURRENT_PROJECT_VERSION = 1;
				DEVELOPMENT_TEAM = R6666T3YAD;
				GENERATE_INFOPLIST_FILE = YES;
				MACOSX_DEPLOYMENT_TARGET = 14.1;
				MARKETING_VERSION = 1.0;
				PRODUCT_BUNDLE_IDENTIFIER = de.Oliveira.DataTests;
				PRODUCT_NAME = "$(TARGET_NAME)";
				SDKROOT = macosx;
				SWIFT_EMIT_LOC_STRINGS = NO;
				SWIFT_VERSION = 5.0;
			};
			name = Debug;
		};
		87D157602B83828D00F5FB46 /* Release */ = {
			isa = XCBuildConfiguration;
			buildSettings = {
				ALWAYS_EMBED_SWIFT_STANDARD_LIBRARIES = YES;
				CODE_SIGN_STYLE = Automatic;
				CURRENT_PROJECT_VERSION = 1;
				DEVELOPMENT_TEAM = R6666T3YAD;
				GENERATE_INFOPLIST_FILE = YES;
				MACOSX_DEPLOYMENT_TARGET = 14.1;
				MARKETING_VERSION = 1.0;
				PRODUCT_BUNDLE_IDENTIFIER = de.Oliveira.DataTests;
				PRODUCT_NAME = "$(TARGET_NAME)";
				SDKROOT = macosx;
				SWIFT_EMIT_LOC_STRINGS = NO;
				SWIFT_VERSION = 5.0;
			};
			name = Release;
		};
/* End XCBuildConfiguration section */

/* Begin XCConfigurationList section */
		87B04E232B97AFCF00F49B70 /* Build configuration list for PBXNativeTarget "Infra" */ = {
			isa = XCConfigurationList;
			buildConfigurations = (
				87B04E242B97AFCF00F49B70 /* Debug */,
				87B04E252B97AFCF00F49B70 /* Release */,
			);
			defaultConfigurationIsVisible = 0;
			defaultConfigurationName = Release;
		};
		87B04E262B97AFCF00F49B70 /* Build configuration list for PBXNativeTarget "InfraTests" */ = {
			isa = XCConfigurationList;
			buildConfigurations = (
				87B04E272B97AFCF00F49B70 /* Debug */,
				87B04E282B97AFCF00F49B70 /* Release */,
			);
			defaultConfigurationIsVisible = 0;
			defaultConfigurationName = Release;
		};
		87D157052B837A7D00F5FB46 /* Build configuration list for PBXProject "TDDHarryPotterApp" */ = {
			isa = XCConfigurationList;
			buildConfigurations = (
				87D157102B837A7D00F5FB46 /* Debug */,
				87D157112B837A7D00F5FB46 /* Release */,
			);
			defaultConfigurationIsVisible = 0;
			defaultConfigurationName = Release;
		};
		87D1571E2B837CCC00F5FB46 /* Build configuration list for PBXNativeTarget "DomainInterfaces" */ = {
			isa = XCConfigurationList;
			buildConfigurations = (
				87D1571F2B837CCC00F5FB46 /* Debug */,
				87D157202B837CCC00F5FB46 /* Release */,
			);
			defaultConfigurationIsVisible = 0;
			defaultConfigurationName = Release;
		};
		87D157392B837DF500F5FB46 /* Build configuration list for PBXNativeTarget "Domain" */ = {
			isa = XCConfigurationList;
			buildConfigurations = (
				87D1573A2B837DF500F5FB46 /* Debug */,
				87D1573B2B837DF500F5FB46 /* Release */,
			);
			defaultConfigurationIsVisible = 0;
			defaultConfigurationName = Release;
		};
		87D1573C2B837DF500F5FB46 /* Build configuration list for PBXNativeTarget "DomainTests" */ = {
			isa = XCConfigurationList;
			buildConfigurations = (
				87D1573D2B837DF500F5FB46 /* Debug */,
				87D1573E2B837DF500F5FB46 /* Release */,
			);
			defaultConfigurationIsVisible = 0;
			defaultConfigurationName = Release;
		};
		87D1575B2B83828D00F5FB46 /* Build configuration list for PBXNativeTarget "Data" */ = {
			isa = XCConfigurationList;
			buildConfigurations = (
				87D1575C2B83828D00F5FB46 /* Debug */,
				87D1575D2B83828D00F5FB46 /* Release */,
			);
			defaultConfigurationIsVisible = 0;
			defaultConfigurationName = Release;
		};
		87D1575E2B83828D00F5FB46 /* Build configuration list for PBXNativeTarget "DataTests" */ = {
			isa = XCConfigurationList;
			buildConfigurations = (
				87D1575F2B83828D00F5FB46 /* Debug */,
				87D157602B83828D00F5FB46 /* Release */,
			);
			defaultConfigurationIsVisible = 0;
			defaultConfigurationName = Release;
		};
/* End XCConfigurationList section */
	};
	rootObject = 87D157022B837A7D00F5FB46 /* Project object */;
}
